{
  "nodes": {
    "cargo2nix": {
      "inputs": {
        "flake-compat": "flake-compat",
        "flake-utils": "flake-utils",
        "nixpkgs": "nixpkgs",
        "rust-overlay": "rust-overlay"
      },
      "locked": {
        "lastModified": 1667131583,
        "narHash": "sha256-RJwWzuRzYTIgxLWiM0TWO/YNa7Ms4ysMQkNSshO3Tfc=",
        "owner": "whslabs",
        "repo": "cargo2nix-fix",
        "rev": "af21e5aa9e6e3e8b735588a68a058ad7ad4b5d65",
        "type": "github"
      },
      "original": {
        "owner": "whslabs",
        "ref": "unstable-fix",
        "repo": "cargo2nix-fix",
        "type": "github"
      }
    },
    "flake-compat": {
      "flake": false,
      "locked": {
        "lastModified": 1650374568,
        "narHash": "sha256-Z+s0J8/r907g149rllvwhb4pKi8Wam5ij0st8PwAh+E=",
        "owner": "edolstra",
        "repo": "flake-compat",
        "rev": "b4a34015c698c7793d592d66adbab377907a2be8",
        "type": "github"
      },
      "original": {
        "owner": "edolstra",
        "repo": "flake-compat",
        "type": "github"
      }
    },
    "flake-utils": {
      "locked": {
        "lastModified": 1667077288,
        "narHash": "sha256-bdC8sFNDpT0HK74u9fUkpbf1MEzVYJ+ka7NXCdgBoaA=",
        "owner": "numtide",
        "repo": "flake-utils",
        "rev": "6ee9ebb6b1ee695d2cacc4faa053a7b9baa76817",
        "type": "github"
      },
      "original": {
        "owner": "numtide",
        "repo": "flake-utils",
        "type": "github"
      }
    },
    "nixpkgs": {
      "locked": {
        "lastModified": 1667125965,
        "narHash": "sha256-z/OLvPwIhwdN9J+ED/0rPz/Wh/0sPuvczURwsiEENSQ=",
        "owner": "nixos",
        "repo": "nixpkgs",
        "rev": "26eb67abc9a7370a51fcb86ece18eaf19ae9207f",
        "type": "github"
      },
      "original": {
        "owner": "nixos",
        "ref": "release-22.05",
        "repo": "nixpkgs",
        "type": "github"
      }
    },
    "root": {
      "inputs": {
        "cargo2nix": "cargo2nix",
        "flake-utils": [
          "cargo2nix",
          "flake-utils"
        ],
        "nixpkgs": [
          "cargo2nix",
          "nixpkgs"
        ]
      }
    },
    "rust-overlay": {
      "inputs": {
        "flake-utils": [
          "cargo2nix",
          "flake-utils"
        ],
        "nixpkgs": [
          "cargo2nix",
          "nixpkgs"
        ]
      },
      "locked": {
        "lastModified": 1667098607,
        "narHash": "sha256-zTYgUaS+81mNq8Z0v2WYr46ACJFBeWqcQfOVQaTxtNE=",
        "owner": "oxalica",
        "repo": "rust-overlay",
        "rev": "de5c4d5d40ae0a0dab67c5f7ae8d26c5445cf00d",
        "type": "github"
      },
      "original": {
        "owner": "oxalica",
        "repo": "rust-overlay",
        "type": "github"
      }
    }
  },
  "root": "root",
  "version": 7
}
